{
  "name": "js_tutorial",
  "lockfileVersion": 3,
  "requires": true,
  "packages": {
    "": {
      "dependencies": {
        "roguri-palindrome": "^0.1.1"
      }
    },
    "node_modules/roguri-palindrome": {
      "version": "0.1.1",
      "resolved": "https://registry.npmjs.org/roguri-palindrome/-/roguri-palindrome-0.1.1.tgz",
      "integrity": "sha512-V+G6gQskbqrF19LOfypITG7KwRg2sgTYv8qX8MbislFva7S1uMunVZBodpqH0nFaSV2FOZfNwhqKY5o6xV2nIw==",
      "license": "ISC"
    }
  }
}
