{
  "name": "js_tutorial",
  "lockfileVersion": 3,
  "requires": true,
  "packages": {
    "": {
      "dependencies": {
        "roguri-palindrome": "^0.1.0"
      }
    },
    "node_modules/roguri-palindrome": {
      "version": "0.1.0",
      "resolved": "https://registry.npmjs.org/roguri-palindrome/-/roguri-palindrome-0.1.0.tgz",
      "integrity": "sha512-8ZortWgG0UklZtHtf39HfDdIBaZrvNDBOvCVVaZ3JnkdclNW+yVVndZqODsRAuEvw5OgA1uKfm/k/8BGyhZ/5w==",
      "license": "ISC"
    }
  }
}
